
Microsoft Visual Studio Solution File, Format Version 12.00
# Visual Studio 15
VisualStudioVersion = 15.0.28306.52
MinimumVisualStudioVersion = 10.0.40219.1
Project("{9A19103F-16F7-4668-BE54-9A1E7A4F7556}") = "RSK.IdentityServer4.AuditEventSink", "src\Rsk.IdentityServer4.AuditEventSink\RSK.IdentityServer4.AuditEventSink.csproj", "{E752B37B-6562-4DC5-8657-620FE569905A}"
EndProject
Project("{2150E333-8FDC-42A3-9474-1A3956D46DE8}") = "tests", "tests", "{4AD87BDC-20A4-4426-80E4-0706AA9D8294}"
EndProject
Project("{9A19103F-16F7-4668-BE54-9A1E7A4F7556}") = "RSK.IdentityServer4.AuditEventSink.Tests", "tests\Rsk.IdentityServer4.AuditEventSink.Tests\RSK.IdentityServer4.AuditEventSink.Tests.csproj", "{90720013-B304-4B49-A174-0C840E218A26}"
EndProject
Project("{2150E333-8FDC-42A3-9474-1A3956D46DE8}") = "src", "src", "{0F18CE73-394B-4E63-8791-E6FDD93581AC}"
EndProject
Project("{FAE04EC0-301F-11D3-BF4B-00C04F79EFBC}") = "Rsk.DuendeIdentityServer.AuditEventSink", "src\Rsk.DuendeIdentityServer.AuditEventSink\Rsk.DuendeIdentityServer.AuditEventSink.csproj", "{28F49BF0-75B5-40D1-91D8-E701072F17CA}"
EndProject
Project("{FAE04EC0-301F-11D3-BF4B-00C04F79EFBC}") = "Rsk.DuendeIdentityServer.AuditEventSink.Tests", "tests\Rsk.DuendeIdentityServer.AuditEventSink.Tests\Rsk.DuendeIdentityServer.AuditEventSink.Tests.csproj", "{84B20BBC-743D-47CB-A8E2-5B642005C7B4}"
EndProject
Global
	GlobalSection(SolutionConfigurationPlatforms) = preSolution
		Debug|Any CPU = Debug|Any CPU
		Release|Any CPU = Release|Any CPU
	EndGlobalSection
	GlobalSection(ProjectConfigurationPlatforms) = postSolution
		{E752B37B-6562-4DC5-8657-620FE569905A}.Debug|Any CPU.ActiveCfg = Debug|Any CPU
		{E752B37B-6562-4DC5-8657-620FE569905A}.Debug|Any CPU.Build.0 = Debug|Any CPU
		{E752B37B-6562-4DC5-8657-620FE569905A}.Release|Any CPU.ActiveCfg = Release|Any CPU
		{E752B37B-6562-4DC5-8657-620FE569905A}.Release|Any CPU.Build.0 = Release|Any CPU
		{90720013-B304-4B49-A174-0C840E218A26}.Debug|Any CPU.ActiveCfg = Debug|Any CPU
		{90720013-B304-4B49-A174-0C840E218A26}.Debug|Any CPU.Build.0 = Debug|Any CPU
		{90720013-B304-4B49-A174-0C840E218A26}.Release|Any CPU.ActiveCfg = Release|Any CPU
		{90720013-B304-4B49-A174-0C840E218A26}.Release|Any CPU.Build.0 = Release|Any CPU
		{28F49BF0-75B5-40D1-91D8-E701072F17CA}.Debug|Any CPU.ActiveCfg = Debug|Any CPU
		{28F49BF0-75B5-40D1-91D8-E701072F17CA}.Debug|Any CPU.Build.0 = Debug|Any CPU
		{28F49BF0-75B5-40D1-91D8-E701072F17CA}.Release|Any CPU.ActiveCfg = Release|Any CPU
		{28F49BF0-75B5-40D1-91D8-E701072F17CA}.Release|Any CPU.Build.0 = Release|Any CPU
		{84B20BBC-743D-47CB-A8E2-5B642005C7B4}.Debug|Any CPU.ActiveCfg = Debug|Any CPU
		{84B20BBC-743D-47CB-A8E2-5B642005C7B4}.Debug|Any CPU.Build.0 = Debug|Any CPU
		{84B20BBC-743D-47CB-A8E2-5B642005C7B4}.Release|Any CPU.ActiveCfg = Release|Any CPU
		{84B20BBC-743D-47CB-A8E2-5B642005C7B4}.Release|Any CPU.Build.0 = Release|Any CPU
	EndGlobalSection
	GlobalSection(SolutionProperties) = preSolution
		HideSolutionNode = FALSE
	EndGlobalSection
	GlobalSection(NestedProjects) = preSolution
		{90720013-B304-4B49-A174-0C840E218A26} = {4AD87BDC-20A4-4426-80E4-0706AA9D8294}
		{E752B37B-6562-4DC5-8657-620FE569905A} = {0F18CE73-394B-4E63-8791-E6FDD93581AC}
		{28F49BF0-75B5-40D1-91D8-E701072F17CA} = {0F18CE73-394B-4E63-8791-E6FDD93581AC}
		{84B20BBC-743D-47CB-A8E2-5B642005C7B4} = {4AD87BDC-20A4-4426-80E4-0706AA9D8294}
	EndGlobalSection
	GlobalSection(ExtensibilityGlobals) = postSolution
		SolutionGuid = {741C58BE-23A1-4690-81D8-57D7789ACE7F}
	EndGlobalSection
EndGlobal
